// !$*UTF8*$!
{
	archiveVersion = 1;
	classes = {
	};
	objectVersion = 56;
	objects = {

/* Begin PBXBuildFile section */
		4599F7672AA0FD1100CF17B2 /* ModelNetwork.m in Sources */ = {isa = PBXBuildFile; fileRef = 4599F7662AA0FD1100CF17B2 /* ModelNetwork.m */; };
		45A15A922AA04B5900603BC9 /* DoneViewController.m in Sources */ = {isa = PBXBuildFile; fileRef = 45A15A912AA04B5900603BC9 /* DoneViewController.m */; };
		45F592DC2A9F23BA00B154BE /* AppDelegate.m in Sources */ = {isa = PBXBuildFile; fileRef = 45F592DB2A9F23BA00B154BE /* AppDelegate.m */; };
		45F592DF2A9F23BA00B154BE /* SceneDelegate.m in Sources */ = {isa = PBXBuildFile; fileRef = 45F592DE2A9F23BA00B154BE /* SceneDelegate.m */; };
		45F592E22A9F23BA00B154BE /* TODoListViewController.m in Sources */ = {isa = PBXBuildFile; fileRef = 45F592E12A9F23BA00B154BE /* TODoListViewController.m */; };
		45F592E52A9F23BA00B154BE /* Main.storyboard in Resources */ = {isa = PBXBuildFile; fileRef = 45F592E32A9F23BA00B154BE /* Main.storyboard */; };
		45F592E72A9F23BB00B154BE /* Assets.xcassets in Resources */ = {isa = PBXBuildFile; fileRef = 45F592E62A9F23BB00B154BE /* Assets.xcassets */; };
		45F592EA2A9F23BB00B154BE /* LaunchScreen.storyboard in Resources */ = {isa = PBXBuildFile; fileRef = 45F592E82A9F23BB00B154BE /* LaunchScreen.storyboard */; };
		45F592ED2A9F23BB00B154BE /* main.m in Sources */ = {isa = PBXBuildFile; fileRef = 45F592EC2A9F23BB00B154BE /* main.m */; };
		45F592F62A9F304400B154BE /* Model.m in Sources */ = {isa = PBXBuildFile; fileRef = 45F592F52A9F304400B154BE /* Model.m */; };
		45F592FA2A9F385900B154BE /* AddTaskViewController.m in Sources */ = {isa = PBXBuildFile; fileRef = 45F592F92A9F385900B154BE /* AddTaskViewController.m */; };
		45F592FD2A9F4AB200B154BE /* EditTaskViewController.m in Sources */ = {isa = PBXBuildFile; fileRef = 45F592FC2A9F4AB200B154BE /* EditTaskViewController.m */; };
		45F593002A9F4F8D00B154BE /* progressViewController.m in Sources */ = {isa = PBXBuildFile; fileRef = 45F592FF2A9F4F8D00B154BE /* progressViewController.m */; };
/* End PBXBuildFile section */

/* Begin PBXFileReference section */
		4599F7652AA0FD1100CF17B2 /* ModelNetwork.h */ = {isa = PBXFileReference; lastKnownFileType = sourcecode.c.h; path = ModelNetwork.h; sourceTree = "<group>"; };
		4599F7662AA0FD1100CF17B2 /* ModelNetwork.m */ = {isa = PBXFileReference; lastKnownFileType = sourcecode.c.objc; path = ModelNetwork.m; sourceTree = "<group>"; };
		45A15A902AA04B5900603BC9 /* DoneViewController.h */ = {isa = PBXFileReference; lastKnownFileType = sourcecode.c.h; path = DoneViewController.h; sourceTree = "<group>"; };
		45A15A912AA04B5900603BC9 /* DoneViewController.m */ = {isa = PBXFileReference; lastKnownFileType = sourcecode.c.objc; path = DoneViewController.m; sourceTree = "<group>"; };
		45F592D72A9F23BA00B154BE /* ToDoList.app */ = {isa = PBXFileReference; explicitFileType = wrapper.application; includeInIndex = 0; path = ToDoList.app; sourceTree = BUILT_PRODUCTS_DIR; };
		45F592DA2A9F23BA00B154BE /* AppDelegate.h */ = {isa = PBXFileReference; lastKnownFileType = sourcecode.c.h; path = AppDelegate.h; sourceTree = "<group>"; };
		45F592DB2A9F23BA00B154BE /* AppDelegate.m */ = {isa = PBXFileReference; lastKnownFileType = sourcecode.c.objc; path = AppDelegate.m; sourceTree = "<group>"; };
		45F592DD2A9F23BA00B154BE /* SceneDelegate.h */ = {isa = PBXFileReference; lastKnownFileType = sourcecode.c.h; path = SceneDelegate.h; sourceTree = "<group>"; };
		45F592DE2A9F23BA00B154BE /* SceneDelegate.m */ = {isa = PBXFileReference; lastKnownFileType = sourcecode.c.objc; path = SceneDelegate.m; sourceTree = "<group>"; };
		45F592E02A9F23BA00B154BE /* TODoListViewController.h */ = {isa = PBXFileReference; lastKnownFileType = sourcecode.c.h; path = TODoListViewController.h; sourceTree = "<group>"; };
		45F592E12A9F23BA00B154BE /* TODoListViewController.m */ = {isa = PBXFileReference; lastKnownFileType = sourcecode.c.objc; path = TODoListViewController.m; sourceTree = "<group>"; };
		45F592E42A9F23BA00B154BE /* Base */ = {isa = PBXFileReference; lastKnownFileType = file.storyboard; name = Base; path = Base.lproj/Main.storyboard; sourceTree = "<group>"; };
		45F592E62A9F23BB00B154BE /* Assets.xcassets */ = {isa = PBXFileReference; lastKnownFileType = folder.assetcatalog; path = Assets.xcassets; sourceTree = "<group>"; };
		45F592E92A9F23BB00B154BE /* Base */ = {isa = PBXFileReference; lastKnownFileType = file.storyboard; name = Base; path = Base.lproj/LaunchScreen.storyboard; sourceTree = "<group>"; };
		45F592EB2A9F23BB00B154BE /* Info.plist */ = {isa = PBXFileReference; lastKnownFileType = text.plist.xml; path = Info.plist; sourceTree = "<group>"; };
		45F592EC2A9F23BB00B154BE /* main.m */ = {isa = PBXFileReference; lastKnownFileType = sourcecode.c.objc; path = main.m; sourceTree = "<group>"; };
		45F592F42A9F304400B154BE /* Model.h */ = {isa = PBXFileReference; lastKnownFileType = sourcecode.c.h; path = Model.h; sourceTree = "<group>"; };
		45F592F52A9F304400B154BE /* Model.m */ = {isa = PBXFileReference; lastKnownFileType = sourcecode.c.objc; path = Model.m; sourceTree = "<group>"; };
		45F592F82A9F385900B154BE /* AddTaskViewController.h */ = {isa = PBXFileReference; lastKnownFileType = sourcecode.c.h; path = AddTaskViewController.h; sourceTree = "<group>"; };
		45F592F92A9F385900B154BE /* AddTaskViewController.m */ = {isa = PBXFileReference; lastKnownFileType = sourcecode.c.objc; path = AddTaskViewController.m; sourceTree = "<group>"; };
		45F592FB2A9F4AB200B154BE /* EditTaskViewController.h */ = {isa = PBXFileReference; lastKnownFileType = sourcecode.c.h; path = EditTaskViewController.h; sourceTree = "<group>"; };
		45F592FC2A9F4AB200B154BE /* EditTaskViewController.m */ = {isa = PBXFileReference; lastKnownFileType = sourcecode.c.objc; path = EditTaskViewController.m; sourceTree = "<group>"; };
		45F592FE2A9F4F8D00B154BE /* progressViewController.h */ = {isa = PBXFileReference; lastKnownFileType = sourcecode.c.h; path = progressViewController.h; sourceTree = "<group>"; };
		45F592FF2A9F4F8D00B154BE /* progressViewController.m */ = {isa = PBXFileReference; lastKnownFileType = sourcecode.c.objc; path = progressViewController.m; sourceTree = "<group>"; };
/* End PBXFileReference section */

/* Begin PBXFrameworksBuildPhase section */
		45F592D42A9F23BA00B154BE /* Frameworks */ = {
			isa = PBXFrameworksBuildPhase;
			buildActionMask = 2147483647;
			files = (
			);
			runOnlyForDeploymentPostprocessing = 0;
		};
/* End PBXFrameworksBuildPhase section */

/* Begin PBXGroup section */
		4599F7642AA0FB4200CF17B2 /* View */ = {
			isa = PBXGroup;
			children = (
				45F592E32A9F23BA00B154BE /* Main.storyboard */,
			);
			path = View;
			sourceTree = "<group>";
		};
		45F592CE2A9F23BA00B154BE = {
			isa = PBXGroup;
			children = (
				45F592D92A9F23BA00B154BE /* ToDoList */,
				45F592D82A9F23BA00B154BE /* Products */,
			);
			sourceTree = "<group>";
		};
		45F592D82A9F23BA00B154BE /* Products */ = {
			isa = PBXGroup;
			children = (
				45F592D72A9F23BA00B154BE /* ToDoList.app */,
			);
			name = Products;
			sourceTree = "<group>";
		};
		45F592D92A9F23BA00B154BE /* ToDoList */ = {
			isa = PBXGroup;
			children = (
				45F592DA2A9F23BA00B154BE /* AppDelegate.h */,
				45F592DB2A9F23BA00B154BE /* AppDelegate.m */,
				45F592DD2A9F23BA00B154BE /* SceneDelegate.h */,
				45F592DE2A9F23BA00B154BE /* SceneDelegate.m */,
				45F592F72A9F305200B154BE /* Model */,
				45F592F32A9F301B00B154BE /* Controller */,
				4599F7642AA0FB4200CF17B2 /* View */,
				45F592E62A9F23BB00B154BE /* Assets.xcassets */,
				45F592E82A9F23BB00B154BE /* LaunchScreen.storyboard */,
				45F592EB2A9F23BB00B154BE /* Info.plist */,
				45F592EC2A9F23BB00B154BE /* main.m */,
			);
			path = ToDoList;
			sourceTree = "<group>";
		};
		45F592F32A9F301B00B154BE /* Controller */ = {
			isa = PBXGroup;
			children = (
				45F592E02A9F23BA00B154BE /* TODoListViewController.h */,
				45F592E12A9F23BA00B154BE /* TODoListViewController.m */,
				45F592FB2A9F4AB200B154BE /* EditTaskViewController.h */,
				45F592FC2A9F4AB200B154BE /* EditTaskViewController.m */,
				45F592F82A9F385900B154BE /* AddTaskViewController.h */,
				45F592F92A9F385900B154BE /* AddTaskViewController.m */,
				45F592FE2A9F4F8D00B154BE /* progressViewController.h */,
				45F592FF2A9F4F8D00B154BE /* progressViewController.m */,
				45A15A902AA04B5900603BC9 /* DoneViewController.h */,
				45A15A912AA04B5900603BC9 /* DoneViewController.m */,
			);
			path = Controller;
			sourceTree = "<group>";
		};
		45F592F72A9F305200B154BE /* Model */ = {
			isa = PBXGroup;
			children = (
				45F592F42A9F304400B154BE /* Model.h */,
				45F592F52A9F304400B154BE /* Model.m */,
				4599F7652AA0FD1100CF17B2 /* ModelNetwork.h */,
				4599F7662AA0FD1100CF17B2 /* ModelNetwork.m */,
			);
			path = Model;
			sourceTree = "<group>";
		};
/* End PBXGroup section */

/* Begin PBXNativeTarget section */
		45F592D62A9F23BA00B154BE /* ToDoList */ = {
			isa = PBXNativeTarget;
			buildConfigurationList = 45F592F02A9F23BB00B154BE /* Build configuration list for PBXNativeTarget "ToDoList" */;
			buildPhases = (
				45F592D32A9F23BA00B154BE /* Sources */,
				45F592D42A9F23BA00B154BE /* Frameworks */,
				45F592D52A9F23BA00B154BE /* Resources */,
			);
			buildRules = (
			);
			dependencies = (
			);
			name = ToDoList;
			productName = ToDoList;
			productReference = 45F592D72A9F23BA00B154BE /* ToDoList.app */;
			productType = "com.apple.product-type.application";
		};
/* End PBXNativeTarget section */

/* Begin PBXProject section */
		45F592CF2A9F23BA00B154BE /* Project object */ = {
			isa = PBXProject;
			attributes = {
				BuildIndependentTargetsInParallel = 1;
				LastUpgradeCheck = 1430;
				TargetAttributes = {
					45F592D62A9F23BA00B154BE = {
						CreatedOnToolsVersion = 14.3;
					};
				};
			};
			buildConfigurationList = 45F592D22A9F23BA00B154BE /* Build configuration list for PBXProject "ToDoList" */;
			compatibilityVersion = "Xcode 14.0";
			developmentRegion = en;
			hasScannedForEncodings = 0;
			knownRegions = (
				en,
				Base,
			);
			mainGroup = 45F592CE2A9F23BA00B154BE;
			productRefGroup = 45F592D82A9F23BA00B154BE /* Products */;
			projectDirPath = "";
			projectRoot = "";
			targets = (
				45F592D62A9F23BA00B154BE /* ToDoList */,
			);
		};
/* End PBXProject section */

/* Begin PBXResourcesBuildPhase section */
		45F592D52A9F23BA00B154BE /* Resources */ = {
			isa = PBXResourcesBuildPhase;
			buildActionMask = 2147483647;
			files = (
				45F592EA2A9F23BB00B154BE /* LaunchScreen.storyboard in Resources */,
				45F592E72A9F23BB00B154BE /* Assets.xcassets in Resources */,
				45F592E52A9F23BA00B154BE /* Main.storyboard in Resources */,
			);
			runOnlyForDeploymentPostprocessing = 0;
		};
/* End PBXResourcesBuildPhase section */

/* Begin PBXSourcesBuildPhase section */
		45F592D32A9F23BA00B154BE /* Sources */ = {
			isa = PBXSourcesBuildPhase;
			buildActionMask = 2147483647;
			files = (
				45A15A922AA04B5900603BC9 /* DoneViewController.m in Sources */,
				45F592E22A9F23BA00B154BE /* TODoListViewController.m in Sources */,
				4599F7672AA0FD1100CF17B2 /* ModelNetwork.m in Sources */,
				45F592FA2A9F385900B154BE /* AddTaskViewController.m in Sources */,
				45F592DC2A9F23BA00B154BE /* AppDelegate.m in Sources */,
				45F592ED2A9F23BB00B154BE /* main.m in Sources */,
				45F592FD2A9F4AB200B154BE /* EditTaskViewController.m in Sources */,
				45F592DF2A9F23BA00B154BE /* SceneDelegate.m in Sources */,
				45F592F62A9F304400B154BE /* Model.m in Sources */,
				45F593002A9F4F8D00B154BE /* progressViewController.m in Sources */,
			);
			runOnlyForDeploymentPostprocessing = 0;
		};
/* End PBXSourcesBuildPhase section */

/* Begin PBXVariantGroup section */
		45F592E32A9F23BA00B154BE /* Main.storyboard */ = {
			isa = PBXVariantGroup;
			children = (
				45F592E42A9F23BA00B154BE /* Base */,
			);
			name = Main.storyboard;
			sourceTree = "<group>";
		};
		45F592E82A9F23BB00B154BE /* LaunchScreen.storyboard */ = {
			isa = PBXVariantGroup;
			children = (
				45F592E92A9F23BB00B154BE /* Base */,
			);
			name = LaunchScreen.storyboard;
			sourceTree = "<group>";
		};
/* End PBXVariantGroup section */

/* Begin XCBuildConfiguration section */
		45F592EE2A9F23BB00B154BE /* Debug */ = {
			isa = XCBuildConfiguration;
			buildSettings = {
				ALWAYS_SEARCH_USER_PATHS = NO;
				CLANG_ANALYZER_NONNULL = YES;
				CLANG_ANALYZER_NUMBER_OBJECT_CONVERSION = YES_AGGRESSIVE;
				CLANG_CXX_LANGUAGE_STANDARD = "gnu++20";
				CLANG_ENABLE_MODULES = YES;
				CLANG_ENABLE_OBJC_ARC = YES;
				CLANG_ENABLE_OBJC_WEAK = YES;
				CLANG_WARN_BLOCK_CAPTURE_AUTORELEASING = YES;
				CLANG_WARN_BOOL_CONVERSION = YES;
				CLANG_WARN_COMMA = YES;
				CLANG_WARN_CONSTANT_CONVERSION = YES;
				CLANG_WARN_DEPRECATED_OBJC_IMPLEMENTATIONS = YES;
				CLANG_WARN_DIRECT_OBJC_ISA_USAGE = YES_ERROR;
				CLANG_WARN_DOCUMENTATION_COMMENTS = YES;
				CLANG_WARN_EMPTY_BODY = YES;
				CLANG_WARN_ENUM_CONVERSION = YES;
				CLANG_WARN_INFINITE_RECURSION = YES;
				CLANG_WARN_INT_CONVERSION = YES;
				CLANG_WARN_NON_LITERAL_NULL_CONVERSION = YES;
				CLANG_WARN_OBJC_IMPLICIT_RETAIN_SELF = YES;
				CLANG_WARN_OBJC_LITERAL_CONVERSION = YES;
				CLANG_WARN_OBJC_ROOT_CLASS = YES_ERROR;
				CLANG_WARN_QUOTED_INCLUDE_IN_FRAMEWORK_HEADER = YES;
				CLANG_WARN_RANGE_LOOP_ANALYSIS = YES;
				CLANG_WARN_STRICT_PROTOTYPES = YES;
				CLANG_WARN_SUSPICIOUS_MOVE = YES;
				CLANG_WARN_UNGUARDED_AVAILABILITY = YES_AGGRESSIVE;
				CLANG_WARN_UNREACHABLE_CODE = YES;
				CLANG_WARN__DUPLICATE_METHOD_MATCH = YES;
				COPY_PHASE_STRIP = NO;
				DEBUG_INFORMATION_FORMAT = dwarf;
				ENABLE_STRICT_OBJC_MSGSEND = YES;
				ENABLE_TESTABILITY = YES;
				GCC_C_LANGUAGE_STANDARD = gnu11;
				GCC_DYNAMIC_NO_PIC = NO;
				GCC_NO_COMMON_BLOCKS = YES;
				GCC_OPTIMIZATION_LEVEL = 0;
				GCC_PREPROCESSOR_DEFINITIONS = (
					"DEBUG=1",
					"$(inherited)",
				);
				GCC_WARN_64_TO_32_BIT_CONVERSION = YES;
				GCC_WARN_ABOUT_RETURN_TYPE = YES_ERROR;
				GCC_WARN_UNDECLARED_SELECTOR = YES;
				GCC_WARN_UNINITIALIZED_AUTOS = YES_AGGRESSIVE;
				GCC_WARN_UNUSED_FUNCTION = YES;
				GCC_WARN_UNUSED_VARIABLE = YES;
				IPHONEOS_DEPLOYMENT_TARGET = 16.4;
				MTL_ENABLE_DEBUG_INFO = INCLUDE_SOURCE;
				MTL_FAST_MATH = YES;
				ONLY_ACTIVE_ARCH = YES;
				SDKROOT = iphoneos;
			};
			name = Debug;
		};
		45F592EF2A9F23BB00B154BE /* Release */ = {
			isa = XCBuildConfiguration;
			buildSettings = {
				ALWAYS_SEARCH_USER_PATHS = NO;
				CLANG_ANALYZER_NONNULL = YES;
				CLANG_ANALYZER_NUMBER_OBJECT_CONVERSION = YES_AGGRESSIVE;
				CLANG_CXX_LANGUAGE_STANDARD = "gnu++20";
				CLANG_ENABLE_MODULES = YES;
				CLANG_ENABLE_OBJC_ARC = YES;
				CLANG_ENABLE_OBJC_WEAK = YES;
				CLANG_WARN_BLOCK_CAPTURE_AUTORELEASING = YES;
				CLANG_WARN_BOOL_CONVERSION = YES;
				CLANG_WARN_COMMA = YES;
				CLANG_WARN_CONSTANT_CONVERSION = YES;
				CLANG_WARN_DEPRECATED_OBJC_IMPLEMENTATIONS = YES;
				CLANG_WARN_DIRECT_OBJC_ISA_USAGE = YES_ERROR;
				CLANG_WARN_DOCUMENTATION_COMMENTS = YES;
				CLANG_WARN_EMPTY_BODY = YES;
				CLANG_WARN_ENUM_CONVERSION = YES;
				CLANG_WARN_INFINITE_RECURSION = YES;
				CLANG_WARN_INT_CONVERSION = YES;
				CLANG_WARN_NON_LITERAL_NULL_CONVERSION = YES;
				CLANG_WARN_OBJC_IMPLICIT_RETAIN_SELF = YES;
				CLANG_WARN_OBJC_LITERAL_CONVERSION = YES;
				CLANG_WARN_OBJC_ROOT_CLASS = YES_ERROR;
				CLANG_WARN_QUOTED_INCLUDE_IN_FRAMEWORK_HEADER = YES;
				CLANG_WARN_RANGE_LOOP_ANALYSIS = YES;
				CLANG_WARN_STRICT_PROTOTYPES = YES;
				CLANG_WARN_SUSPICIOUS_MOVE = YES;
				CLANG_WARN_UNGUARDED_AVAILABILITY = YES_AGGRESSIVE;
				CLANG_WARN_UNREACHABLE_CODE = YES;
				CLANG_WARN__DUPLICATE_METHOD_MATCH = YES;
				COPY_PHASE_STRIP = NO;
				DEBUG_INFORMATION_FORMAT = "dwarf-with-dsym";
				ENABLE_NS_ASSERTIONS = NO;
				ENABLE_STRICT_OBJC_MSGSEND = YES;
				GCC_C_LANGUAGE_STANDARD = gnu11;
				GCC_NO_COMMON_BLOCKS = YES;
				GCC_WARN_64_TO_32_BIT_CONVERSION = YES;
				GCC_WARN_ABOUT_RETURN_TYPE = YES_ERROR;
				GCC_WARN_UNDECLARED_SELECTOR = YES;
				GCC_WARN_UNINITIALIZED_AUTOS = YES_AGGRESSIVE;
				GCC_WARN_UNUSED_FUNCTION = YES;
				GCC_WARN_UNUSED_VARIABLE = YES;
				IPHONEOS_DEPLOYMENT_TARGET = 16.4;
				MTL_ENABLE_DEBUG_INFO = NO;
				MTL_FAST_MATH = YES;
				SDKROOT = iphoneos;
				VALIDATE_PRODUCT = YES;
			};
			name = Release;
		};
		45F592F12A9F23BB00B154BE /* Debug */ = {
			isa = XCBuildConfiguration;
			buildSettings = {
				ASSETCATALOG_COMPILER_APPICON_NAME = AppIcon;
				ASSETCATALOG_COMPILER_GLOBAL_ACCENT_COLOR_NAME = AccentColor;
				CODE_SIGN_STYLE = Automatic;
				CURRENT_PROJECT_VERSION = 1;
				DEVELOPMENT_TEAM = V8WX6XAJDD;
				GENERATE_INFOPLIST_FILE = YES;
				INFOPLIST_FILE = ToDoList/Info.plist;
				INFOPLIST_KEY_UIApplicationSupportsIndirectInputEvents = YES;
				INFOPLIST_KEY_UILaunchStoryboardName = LaunchScreen;
				INFOPLIST_KEY_UIMainStoryboardFile = Main;
				INFOPLIST_KEY_UISupportedInterfaceOrientations_iPad = "UIInterfaceOrientationPortrait UIInterfaceOrientationPortraitUpsideDown UIInterfaceOrientationLandscapeLeft UIInterfaceOrientationLandscapeRight";
				INFOPLIST_KEY_UISupportedInterfaceOrientations_iPhone = "UIInterfaceOrientationPortrait UIInterfaceOrientationLandscapeLeft UIInterfaceOrientationLandscapeRight";
				LD_RUNPATH_SEARCH_PATHS = (
					"$(inherited)",
					"@executable_path/Frameworks",
				);
				MARKETING_VERSION = 1.0;
				PRODUCT_BUNDLE_IDENTIFIER = com.mustafa.ToDoList;
				PRODUCT_NAME = "$(TARGET_NAME)";
				SWIFT_EMIT_LOC_STRINGS = YES;
				TARGETED_DEVICE_FAMILY = "1,2";
			};
			name = Debug;
		};
		45F592F22A9F23BB00B154BE /* Release */ = {
			isa = XCBuildConfiguration;
			buildSettings = {
				ASSETCATALOG_COMPILER_APPICON_NAME = AppIcon;
				ASSETCATALOG_COMPILER_GLOBAL_ACCENT_COLOR_NAME = AccentColor;
				CODE_SIGN_STYLE = Automatic;
				CURRENT_PROJECT_VERSION = 1;
				DEVELOPMENT_TEAM = V8WX6XAJDD;
				GENERATE_INFOPLIST_FILE = YES;
				INFOPLIST_FILE = ToDoList/Info.plist;
				INFOPLIST_KEY_UIApplicationSupportsIndirectInputEvents = YES;
				INFOPLIST_KEY_UILaunchStoryboardName = LaunchScreen;
				INFOPLIST_KEY_UIMainStoryboardFile = Main;
				INFOPLIST_KEY_UISupportedInterfaceOrientations_iPad = "UIInterfaceOrientationPortrait UIInterfaceOrientationPortraitUpsideDown UIInterfaceOrientationLandscapeLeft UIInterfaceOrientationLandscapeRight";
				INFOPLIST_KEY_UISupportedInterfaceOrientations_iPhone = "UIInterfaceOrientationPortrait UIInterfaceOrientationLandscapeLeft UIInterfaceOrientationLandscapeRight";
				LD_RUNPATH_SEARCH_PATHS = (
					"$(inherited)",
					"@executable_path/Frameworks",
				);
				MARKETING_VERSION = 1.0;
				PRODUCT_BUNDLE_IDENTIFIER = com.mustafa.ToDoList;
				PRODUCT_NAME = "$(TARGET_NAME)";
				SWIFT_EMIT_LOC_STRINGS = YES;
				TARGETED_DEVICE_FAMILY = "1,2";
			};
			name = Release;
		};
/* End XCBuildConfiguration section */

/* Begin XCConfigurationList section */
		45F592D22A9F23BA00B154BE /* Build configuration list for PBXProject "ToDoList" */ = {
			isa = XCConfigurationList;
			buildConfigurations = (
				45F592EE2A9F23BB00B154BE /* Debug */,
				45F592EF2A9F23BB00B154BE /* Release */,
			);
			defaultConfigurationIsVisible = 0;
			defaultConfigurationName = Release;
		};
		45F592F02A9F23BB00B154BE /* Build configuration list for PBXNativeTarget "ToDoList" */ = {
			isa = XCConfigurationList;
			buildConfigurations = (
				45F592F12A9F23BB00B154BE /* Debug */,
				45F592F22A9F23BB00B154BE /* Release */,
			);
			defaultConfigurationIsVisible = 0;
			defaultConfigurationName = Release;
		};
/* End XCConfigurationList section */
	};
	rootObject = 45F592CF2A9F23BA00B154BE /* Project object */;
}
